
Microsoft Visual Studio Solution File, Format Version 12.00
# Visual Studio Version 17
VisualStudioVersion = 17.7.34031.279
MinimumVisualStudioVersion = 10.0.40219.1
Project("{FAE04EC0-301F-11D3-BF4B-00C04F79EFBC}") = "лаба 5", "лаба 5\лаба 5.csproj", "{B6477373-073C-4F75-AFEE-8188F1EBEB84}"
EndProject
Global
	GlobalSection(SolutionConfigurationPlatforms) = preSolution
		Debug|Any CPU = Debug|Any CPU
		Release|Any CPU = Release|Any CPU
	EndGlobalSection
	GlobalSection(ProjectConfigurationPlatforms) = postSolution
		{B6477373-073C-4F75-AFEE-8188F1EBEB84}.Debug|Any CPU.ActiveCfg = Debug|Any CPU
		{B6477373-073C-4F75-AFEE-8188F1EBEB84}.Debug|Any CPU.Build.0 = Debug|Any CPU
		{B6477373-073C-4F75-AFEE-8188F1EBEB84}.Release|Any CPU.ActiveCfg = Release|Any CPU
		{B6477373-073C-4F75-AFEE-8188F1EBEB84}.Release|Any CPU.Build.0 = Release|Any CPU
	EndGlobalSection
	GlobalSection(SolutionProperties) = preSolution
		HideSolutionNode = FALSE
	EndGlobalSection
	GlobalSection(ExtensibilityGlobals) = postSolution
		SolutionGuid = {20A7E25A-5DE0-4D89-8043-D1C723339182}
	EndGlobalSection
EndGlobal
